{
  "name": "festival-map-frontend",
  "version": "0.0.0",
  "lockfileVersion": 3,
  "requires": true,
  "packages": {
    "": {
      "name": "festival-map-frontend",
      "version": "0.0.0",
      "dependencies": {
        "map-ui-common": "github:bnc4vk/map-ui-common"
      }
    },
    "node_modules/map-ui-common": {
      "version": "0.0.0",
      "resolved": "git+ssh://git@github.com/bnc4vk/map-ui-common.git#87970bb222f76f9534704bbf2637dae103ad8372"
    }
  }
}
